
Microsoft Visual Studio Solution File, Format Version 12.00
# Visual Studio 15
VisualStudioVersion = 15.0.28307.136
MinimumVisualStudioVersion = 10.0.40219.1
Project("{888888A0-9F3D-457C-B088-3A5042F75D52}") = "RPi-Incubator", "RPi-Incubator.pyproj", "{14857812-574F-45B9-A3B8-FD5A09245F03}"
EndProject
Global
	GlobalSection(SolutionConfigurationPlatforms) = preSolution
		Debug|Any CPU = Debug|Any CPU
		Release|Any CPU = Release|Any CPU
	EndGlobalSection
	GlobalSection(ProjectConfigurationPlatforms) = postSolution
		{14857812-574F-45B9-A3B8-FD5A09245F03}.Debug|Any CPU.ActiveCfg = Debug|Any CPU
		{14857812-574F-45B9-A3B8-FD5A09245F03}.Release|Any CPU.ActiveCfg = Release|Any CPU
	EndGlobalSection
	GlobalSection(SolutionProperties) = preSolution
		HideSolutionNode = FALSE
	EndGlobalSection
	GlobalSection(ExtensibilityGlobals) = postSolution
		SolutionGuid = {FDDE5CCF-95D3-4576-8CDE-A21F45C91901}
	EndGlobalSection
EndGlobal
