
Microsoft Visual Studio Solution File, Format Version 12.00
# Visual Studio 15
VisualStudioVersion = 15.0.28307.168
MinimumVisualStudioVersion = 10.0.40219.1
Project("{888888A0-9F3D-457C-B088-3A5042F75D52}") = "framboiseapi", "framboiseapi\framboiseapi.pyproj", "{85F317B4-32CD-41C6-BC7F-BA8F825C720A}"
EndProject
Global
	GlobalSection(SolutionConfigurationPlatforms) = preSolution
		Debug|Any CPU = Debug|Any CPU
		Release|Any CPU = Release|Any CPU
	EndGlobalSection
	GlobalSection(ProjectConfigurationPlatforms) = postSolution
		{85F317B4-32CD-41C6-BC7F-BA8F825C720A}.Debug|Any CPU.ActiveCfg = Debug|Any CPU
		{85F317B4-32CD-41C6-BC7F-BA8F825C720A}.Release|Any CPU.ActiveCfg = Release|Any CPU
	EndGlobalSection
	GlobalSection(SolutionProperties) = preSolution
		HideSolutionNode = FALSE
	EndGlobalSection
	GlobalSection(ExtensibilityGlobals) = postSolution
		SolutionGuid = {D845E1B1-E5E2-4ED5-AFA4-08CDD776A043}
	EndGlobalSection
EndGlobal
